
Microsoft Visual Studio Solution File, Format Version 12.00
# Visual Studio Version 17
VisualStudioVersion = 17.7.34031.279
MinimumVisualStudioVersion = 10.0.40219.1
Project("{FAE04EC0-301F-11D3-BF4B-00C04F79EFBC}") = "CartaVidon", "CartaVidon\CartaVidon.csproj", "{2D826D40-7E22-452F-A2DC-ED1DD950B7D2}"
EndProject
Global
	GlobalSection(SolutionConfigurationPlatforms) = preSolution
		Debug|Any CPU = Debug|Any CPU
		Release|Any CPU = Release|Any CPU
	EndGlobalSection
	GlobalSection(ProjectConfigurationPlatforms) = postSolution
		{2D826D40-7E22-452F-A2DC-ED1DD950B7D2}.Debug|Any CPU.ActiveCfg = Debug|Any CPU
		{2D826D40-7E22-452F-A2DC-ED1DD950B7D2}.Debug|Any CPU.Build.0 = Debug|Any CPU
		{2D826D40-7E22-452F-A2DC-ED1DD950B7D2}.Release|Any CPU.ActiveCfg = Release|Any CPU
		{2D826D40-7E22-452F-A2DC-ED1DD950B7D2}.Release|Any CPU.Build.0 = Release|Any CPU
	EndGlobalSection
	GlobalSection(SolutionProperties) = preSolution
		HideSolutionNode = FALSE
	EndGlobalSection
	GlobalSection(ExtensibilityGlobals) = postSolution
		SolutionGuid = {D01884E7-0556-4473-971F-196557E85CC9}
	EndGlobalSection
EndGlobal
